
Microsoft Visual Studio Solution File, Format Version 12.00
# Visual Studio Version 16
VisualStudioVersion = 16.0.30114.105
MinimumVisualStudioVersion = 10.0.40219.1
Project("{9A19103F-16F7-4668-BE54-9A1E7A4F7556}") = "eShopS.WebApp", "eShopS.WebApp\eShopS.WebApp.csproj", "{79E56E33-613A-4C49-8BFB-260832F40A68}"
EndProject
Project("{FAE04EC0-301F-11D3-BF4B-00C04F79EFBC}") = "eShopS.Data", "eShopS.Data\eShopS.Data.csproj", "{8F982626-E051-4CC0-A380-6707AAEBBBC4}"
EndProject
Project("{FAE04EC0-301F-11D3-BF4B-00C04F79EFBC}") = "eShopS.Application", "eShopS.Application\eShopS.Application.csproj", "{E0324B20-A540-4414-AF58-0DD29B557413}"
EndProject
Global
	GlobalSection(SolutionConfigurationPlatforms) = preSolution
		Debug|Any CPU = Debug|Any CPU
		Release|Any CPU = Release|Any CPU
	EndGlobalSection
	GlobalSection(ProjectConfigurationPlatforms) = postSolution
		{79E56E33-613A-4C49-8BFB-260832F40A68}.Debug|Any CPU.ActiveCfg = Debug|Any CPU
		{79E56E33-613A-4C49-8BFB-260832F40A68}.Debug|Any CPU.Build.0 = Debug|Any CPU
		{79E56E33-613A-4C49-8BFB-260832F40A68}.Release|Any CPU.ActiveCfg = Release|Any CPU
		{79E56E33-613A-4C49-8BFB-260832F40A68}.Release|Any CPU.Build.0 = Release|Any CPU
		{8F982626-E051-4CC0-A380-6707AAEBBBC4}.Debug|Any CPU.ActiveCfg = Debug|Any CPU
		{8F982626-E051-4CC0-A380-6707AAEBBBC4}.Debug|Any CPU.Build.0 = Debug|Any CPU
		{8F982626-E051-4CC0-A380-6707AAEBBBC4}.Release|Any CPU.ActiveCfg = Release|Any CPU
		{8F982626-E051-4CC0-A380-6707AAEBBBC4}.Release|Any CPU.Build.0 = Release|Any CPU
		{E0324B20-A540-4414-AF58-0DD29B557413}.Debug|Any CPU.ActiveCfg = Debug|Any CPU
		{E0324B20-A540-4414-AF58-0DD29B557413}.Debug|Any CPU.Build.0 = Debug|Any CPU
		{E0324B20-A540-4414-AF58-0DD29B557413}.Release|Any CPU.ActiveCfg = Release|Any CPU
		{E0324B20-A540-4414-AF58-0DD29B557413}.Release|Any CPU.Build.0 = Release|Any CPU
	EndGlobalSection
	GlobalSection(SolutionProperties) = preSolution
		HideSolutionNode = FALSE
	EndGlobalSection
	GlobalSection(ExtensibilityGlobals) = postSolution
		SolutionGuid = {85C782F2-6855-44A2-AFE2-C751C90ABD17}
	EndGlobalSection
EndGlobal
